
Microsoft Visual Studio Solution File, Format Version 12.00
# Visual Studio Version 17
VisualStudioVersion = 17.2.32630.192
MinimumVisualStudioVersion = 10.0.40219.1
Project("{FAE04EC0-301F-11D3-BF4B-00C04F79EFBC}") = "coffeeshopms", "coffeeshopms\coffeeshopms.csproj", "{D32200AF-75DC-4758-9103-E2FEC8F6C8D0}"
EndProject
Global
	GlobalSection(SolutionConfigurationPlatforms) = preSolution
		Debug|Any CPU = Debug|Any CPU
		Release|Any CPU = Release|Any CPU
	EndGlobalSection
	GlobalSection(ProjectConfigurationPlatforms) = postSolution
		{D32200AF-75DC-4758-9103-E2FEC8F6C8D0}.Debug|Any CPU.ActiveCfg = Debug|Any CPU
		{D32200AF-75DC-4758-9103-E2FEC8F6C8D0}.Debug|Any CPU.Build.0 = Debug|Any CPU
		{D32200AF-75DC-4758-9103-E2FEC8F6C8D0}.Release|Any CPU.ActiveCfg = Release|Any CPU
		{D32200AF-75DC-4758-9103-E2FEC8F6C8D0}.Release|Any CPU.Build.0 = Release|Any CPU
	EndGlobalSection
	GlobalSection(SolutionProperties) = preSolution
		HideSolutionNode = FALSE
	EndGlobalSection
	GlobalSection(ExtensibilityGlobals) = postSolution
		SolutionGuid = {48519F48-B6E3-4F06-84F4-8019E4E2ED18}
	EndGlobalSection
EndGlobal
